// !$*UTF8*$!
{
	archiveVersion = 1;
	classes = {
	};
	objectVersion = 56;
	objects = {

/* Begin PBXBuildFile section */
		507A16512A2D28C50054114D /* FeedModel+Identifier.swift in Sources */ = {isa = PBXBuildFile; fileRef = 507A16502A2D28C50054114D /* FeedModel+Identifier.swift */; };
		507A16542A2D29D40054114D /* FeedView.swift in Sources */ = {isa = PBXBuildFile; fileRef = 507A16532A2D29D40054114D /* FeedView.swift */; };
		50A4F2922A2CFE3000132959 /* MVIApp.swift in Sources */ = {isa = PBXBuildFile; fileRef = 50A4F2912A2CFE3000132959 /* MVIApp.swift */; };
		50A4F2942A2CFE3000132959 /* ContentView.swift in Sources */ = {isa = PBXBuildFile; fileRef = 50A4F2932A2CFE3000132959 /* ContentView.swift */; };
		50A4F2962A2CFE3500132959 /* Assets.xcassets in Resources */ = {isa = PBXBuildFile; fileRef = 50A4F2952A2CFE3500132959 /* Assets.xcassets */; };
		50A4F2992A2CFE3500132959 /* Preview Assets.xcassets in Resources */ = {isa = PBXBuildFile; fileRef = 50A4F2982A2CFE3500132959 /* Preview Assets.xcassets */; };
		50A4F2A02A2CFF5600132959 /* Constant.swift in Sources */ = {isa = PBXBuildFile; fileRef = 50A4F29F2A2CFF5600132959 /* Constant.swift */; };
		50A4F2A22A2D0C8C00132959 /* Chip.swift in Sources */ = {isa = PBXBuildFile; fileRef = 50A4F2A12A2D0C8C00132959 /* Chip.swift */; };
		50A4F2A52A2D1AA700132959 /* SwiftUIChipGroup in Frameworks */ = {isa = PBXBuildFile; productRef = 50A4F2A42A2D1AA700132959 /* SwiftUIChipGroup */; };
/* End PBXBuildFile section */

/* Begin PBXFileReference section */
		507A16502A2D28C50054114D /* FeedModel+Identifier.swift */ = {isa = PBXFileReference; lastKnownFileType = sourcecode.swift; path = "FeedModel+Identifier.swift"; sourceTree = "<group>"; };
		507A16532A2D29D40054114D /* FeedView.swift */ = {isa = PBXFileReference; lastKnownFileType = sourcecode.swift; path = FeedView.swift; sourceTree = "<group>"; };
		50A4F28E2A2CFE3000132959 /* MVI.app */ = {isa = PBXFileReference; explicitFileType = wrapper.application; includeInIndex = 0; path = MVI.app; sourceTree = BUILT_PRODUCTS_DIR; };
		50A4F2912A2CFE3000132959 /* MVIApp.swift */ = {isa = PBXFileReference; lastKnownFileType = sourcecode.swift; path = MVIApp.swift; sourceTree = "<group>"; };
		50A4F2932A2CFE3000132959 /* ContentView.swift */ = {isa = PBXFileReference; lastKnownFileType = sourcecode.swift; path = ContentView.swift; sourceTree = "<group>"; };
		50A4F2952A2CFE3500132959 /* Assets.xcassets */ = {isa = PBXFileReference; lastKnownFileType = folder.assetcatalog; path = Assets.xcassets; sourceTree = "<group>"; };
		50A4F2982A2CFE3500132959 /* Preview Assets.xcassets */ = {isa = PBXFileReference; lastKnownFileType = folder.assetcatalog; path = "Preview Assets.xcassets"; sourceTree = "<group>"; };
		50A4F29F2A2CFF5600132959 /* Constant.swift */ = {isa = PBXFileReference; lastKnownFileType = sourcecode.swift; path = Constant.swift; sourceTree = "<group>"; };
		50A4F2A12A2D0C8C00132959 /* Chip.swift */ = {isa = PBXFileReference; lastKnownFileType = sourcecode.swift; path = Chip.swift; sourceTree = "<group>"; };
/* End PBXFileReference section */

/* Begin PBXFrameworksBuildPhase section */
		50A4F28B2A2CFE3000132959 /* Frameworks */ = {
			isa = PBXFrameworksBuildPhase;
			buildActionMask = 2147483647;
			files = (
				50A4F2A52A2D1AA700132959 /* SwiftUIChipGroup in Frameworks */,
			);
			runOnlyForDeploymentPostprocessing = 0;
		};
/* End PBXFrameworksBuildPhase section */

/* Begin PBXGroup section */
		507A164F2A2D28B40054114D /* View */ = {
			isa = PBXGroup;
			children = (
				50A4F2932A2CFE3000132959 /* ContentView.swift */,
				507A16532A2D29D40054114D /* FeedView.swift */,
			);
			path = View;
			sourceTree = "<group>";
		};
		507A16522A2D28CA0054114D /* Model+Identifier */ = {
			isa = PBXGroup;
			children = (
				507A16502A2D28C50054114D /* FeedModel+Identifier.swift */,
			);
			path = "Model+Identifier";
			sourceTree = "<group>";
		};
		50A4F2852A2CFE3000132959 = {
			isa = PBXGroup;
			children = (
				50A4F2902A2CFE3000132959 /* MVI */,
				50A4F28F2A2CFE3000132959 /* Products */,
			);
			sourceTree = "<group>";
		};
		50A4F28F2A2CFE3000132959 /* Products */ = {
			isa = PBXGroup;
			children = (
				50A4F28E2A2CFE3000132959 /* MVI.app */,
			);
			name = Products;
			sourceTree = "<group>";
		};
		50A4F2902A2CFE3000132959 /* MVI */ = {
			isa = PBXGroup;
			children = (
				50A4F2912A2CFE3000132959 /* MVIApp.swift */,
				507A16522A2D28CA0054114D /* Model+Identifier */,
				507A164F2A2D28B40054114D /* View */,
				50A4F2A12A2D0C8C00132959 /* Chip.swift */,
				50A4F29F2A2CFF5600132959 /* Constant.swift */,
				50A4F2952A2CFE3500132959 /* Assets.xcassets */,
				50A4F2972A2CFE3500132959 /* Preview Content */,
			);
			path = MVI;
			sourceTree = "<group>";
		};
		50A4F2972A2CFE3500132959 /* Preview Content */ = {
			isa = PBXGroup;
			children = (
				50A4F2982A2CFE3500132959 /* Preview Assets.xcassets */,
			);
			path = "Preview Content";
			sourceTree = "<group>";
		};
/* End PBXGroup section */

/* Begin PBXNativeTarget section */
		50A4F28D2A2CFE3000132959 /* MVI */ = {
			isa = PBXNativeTarget;
			buildConfigurationList = 50A4F29C2A2CFE3500132959 /* Build configuration list for PBXNativeTarget "MVI" */;
			buildPhases = (
				50A4F28A2A2CFE3000132959 /* Sources */,
				50A4F28B2A2CFE3000132959 /* Frameworks */,
				50A4F28C2A2CFE3000132959 /* Resources */,
			);
			buildRules = (
			);
			dependencies = (
			);
			name = MVI;
			packageProductDependencies = (
				50A4F2A42A2D1AA700132959 /* SwiftUIChipGroup */,
			);
			productName = MVI;
			productReference = 50A4F28E2A2CFE3000132959 /* MVI.app */;
			productType = "com.apple.product-type.application";
		};
/* End PBXNativeTarget section */

/* Begin PBXProject section */
		50A4F2862A2CFE3000132959 /* Project object */ = {
			isa = PBXProject;
			attributes = {
				BuildIndependentTargetsInParallel = 1;
				LastSwiftUpdateCheck = 1420;
				LastUpgradeCheck = 1420;
				TargetAttributes = {
					50A4F28D2A2CFE3000132959 = {
						CreatedOnToolsVersion = 14.2;
					};
				};
			};
			buildConfigurationList = 50A4F2892A2CFE3000132959 /* Build configuration list for PBXProject "MVI" */;
			compatibilityVersion = "Xcode 14.0";
			developmentRegion = en;
			hasScannedForEncodings = 0;
			knownRegions = (
				en,
				Base,
			);
			mainGroup = 50A4F2852A2CFE3000132959;
			packageReferences = (
				50A4F2A32A2D1AA600132959 /* XCRemoteSwiftPackageReference "SwiftUIChipGroup" */,
			);
			productRefGroup = 50A4F28F2A2CFE3000132959 /* Products */;
			projectDirPath = "";
			projectRoot = "";
			targets = (
				50A4F28D2A2CFE3000132959 /* MVI */,
			);
		};
/* End PBXProject section */

/* Begin PBXResourcesBuildPhase section */
		50A4F28C2A2CFE3000132959 /* Resources */ = {
			isa = PBXResourcesBuildPhase;
			buildActionMask = 2147483647;
			files = (
				50A4F2992A2CFE3500132959 /* Preview Assets.xcassets in Resources */,
				50A4F2962A2CFE3500132959 /* Assets.xcassets in Resources */,
			);
			runOnlyForDeploymentPostprocessing = 0;
		};
/* End PBXResourcesBuildPhase section */

/* Begin PBXSourcesBuildPhase section */
		50A4F28A2A2CFE3000132959 /* Sources */ = {
			isa = PBXSourcesBuildPhase;
			buildActionMask = 2147483647;
			files = (
				507A16512A2D28C50054114D /* FeedModel+Identifier.swift in Sources */,
				50A4F2942A2CFE3000132959 /* ContentView.swift in Sources */,
				50A4F2A22A2D0C8C00132959 /* Chip.swift in Sources */,
				50A4F2922A2CFE3000132959 /* MVIApp.swift in Sources */,
				507A16542A2D29D40054114D /* FeedView.swift in Sources */,
				50A4F2A02A2CFF5600132959 /* Constant.swift in Sources */,
			);
			runOnlyForDeploymentPostprocessing = 0;
		};
/* End PBXSourcesBuildPhase section */

/* Begin XCBuildConfiguration section */
		50A4F29A2A2CFE3500132959 /* Debug */ = {
			isa = XCBuildConfiguration;
			buildSettings = {
				ALWAYS_SEARCH_USER_PATHS = NO;
				CLANG_ANALYZER_NONNULL = YES;
				CLANG_ANALYZER_NUMBER_OBJECT_CONVERSION = YES_AGGRESSIVE;
				CLANG_CXX_LANGUAGE_STANDARD = "gnu++20";
				CLANG_ENABLE_MODULES = YES;
				CLANG_ENABLE_OBJC_ARC = YES;
				CLANG_ENABLE_OBJC_WEAK = YES;
				CLANG_WARN_BLOCK_CAPTURE_AUTORELEASING = YES;
				CLANG_WARN_BOOL_CONVERSION = YES;
				CLANG_WARN_COMMA = YES;
				CLANG_WARN_CONSTANT_CONVERSION = YES;
				CLANG_WARN_DEPRECATED_OBJC_IMPLEMENTATIONS = YES;
				CLANG_WARN_DIRECT_OBJC_ISA_USAGE = YES_ERROR;
				CLANG_WARN_DOCUMENTATION_COMMENTS = YES;
				CLANG_WARN_EMPTY_BODY = YES;
				CLANG_WARN_ENUM_CONVERSION = YES;
				CLANG_WARN_INFINITE_RECURSION = YES;
				CLANG_WARN_INT_CONVERSION = YES;
				CLANG_WARN_NON_LITERAL_NULL_CONVERSION = YES;
				CLANG_WARN_OBJC_IMPLICIT_RETAIN_SELF = YES;
				CLANG_WARN_OBJC_LITERAL_CONVERSION = YES;
				CLANG_WARN_OBJC_ROOT_CLASS = YES_ERROR;
				CLANG_WARN_QUOTED_INCLUDE_IN_FRAMEWORK_HEADER = YES;
				CLANG_WARN_RANGE_LOOP_ANALYSIS = YES;
				CLANG_WARN_STRICT_PROTOTYPES = YES;
				CLANG_WARN_SUSPICIOUS_MOVE = YES;
				CLANG_WARN_UNGUARDED_AVAILABILITY = YES_AGGRESSIVE;
				CLANG_WARN_UNREACHABLE_CODE = YES;
				CLANG_WARN__DUPLICATE_METHOD_MATCH = YES;
				COPY_PHASE_STRIP = NO;
				DEBUG_INFORMATION_FORMAT = dwarf;
				ENABLE_STRICT_OBJC_MSGSEND = YES;
				ENABLE_TESTABILITY = YES;
				GCC_C_LANGUAGE_STANDARD = gnu11;
				GCC_DYNAMIC_NO_PIC = NO;
				GCC_NO_COMMON_BLOCKS = YES;
				GCC_OPTIMIZATION_LEVEL = 0;
				GCC_PREPROCESSOR_DEFINITIONS = (
					"DEBUG=1",
					"$(inherited)",
				);
				GCC_WARN_64_TO_32_BIT_CONVERSION = YES;
				GCC_WARN_ABOUT_RETURN_TYPE = YES_ERROR;
				GCC_WARN_UNDECLARED_SELECTOR = YES;
				GCC_WARN_UNINITIALIZED_AUTOS = YES_AGGRESSIVE;
				GCC_WARN_UNUSED_FUNCTION = YES;
				GCC_WARN_UNUSED_VARIABLE = YES;
				IPHONEOS_DEPLOYMENT_TARGET = 16.2;
				MTL_ENABLE_DEBUG_INFO = INCLUDE_SOURCE;
				MTL_FAST_MATH = YES;
				ONLY_ACTIVE_ARCH = YES;
				SDKROOT = iphoneos;
				SWIFT_ACTIVE_COMPILATION_CONDITIONS = DEBUG;
				SWIFT_OPTIMIZATION_LEVEL = "-Onone";
			};
			name = Debug;
		};
		50A4F29B2A2CFE3500132959 /* Release */ = {
			isa = XCBuildConfiguration;
			buildSettings = {
				ALWAYS_SEARCH_USER_PATHS = NO;
				CLANG_ANALYZER_NONNULL = YES;
				CLANG_ANALYZER_NUMBER_OBJECT_CONVERSION = YES_AGGRESSIVE;
				CLANG_CXX_LANGUAGE_STANDARD = "gnu++20";
				CLANG_ENABLE_MODULES = YES;
				CLANG_ENABLE_OBJC_ARC = YES;
				CLANG_ENABLE_OBJC_WEAK = YES;
				CLANG_WARN_BLOCK_CAPTURE_AUTORELEASING = YES;
				CLANG_WARN_BOOL_CONVERSION = YES;
				CLANG_WARN_COMMA = YES;
				CLANG_WARN_CONSTANT_CONVERSION = YES;
				CLANG_WARN_DEPRECATED_OBJC_IMPLEMENTATIONS = YES;
				CLANG_WARN_DIRECT_OBJC_ISA_USAGE = YES_ERROR;
				CLANG_WARN_DOCUMENTATION_COMMENTS = YES;
				CLANG_WARN_EMPTY_BODY = YES;
				CLANG_WARN_ENUM_CONVERSION = YES;
				CLANG_WARN_INFINITE_RECURSION = YES;
				CLANG_WARN_INT_CONVERSION = YES;
				CLANG_WARN_NON_LITERAL_NULL_CONVERSION = YES;
				CLANG_WARN_OBJC_IMPLICIT_RETAIN_SELF = YES;
				CLANG_WARN_OBJC_LITERAL_CONVERSION = YES;
				CLANG_WARN_OBJC_ROOT_CLASS = YES_ERROR;
				CLANG_WARN_QUOTED_INCLUDE_IN_FRAMEWORK_HEADER = YES;
				CLANG_WARN_RANGE_LOOP_ANALYSIS = YES;
				CLANG_WARN_STRICT_PROTOTYPES = YES;
				CLANG_WARN_SUSPICIOUS_MOVE = YES;
				CLANG_WARN_UNGUARDED_AVAILABILITY = YES_AGGRESSIVE;
				CLANG_WARN_UNREACHABLE_CODE = YES;
				CLANG_WARN__DUPLICATE_METHOD_MATCH = YES;
				COPY_PHASE_STRIP = NO;
				DEBUG_INFORMATION_FORMAT = "dwarf-with-dsym";
				ENABLE_NS_ASSERTIONS = NO;
				ENABLE_STRICT_OBJC_MSGSEND = YES;
				GCC_C_LANGUAGE_STANDARD = gnu11;
				GCC_NO_COMMON_BLOCKS = YES;
				GCC_WARN_64_TO_32_BIT_CONVERSION = YES;
				GCC_WARN_ABOUT_RETURN_TYPE = YES_ERROR;
				GCC_WARN_UNDECLARED_SELECTOR = YES;
				GCC_WARN_UNINITIALIZED_AUTOS = YES_AGGRESSIVE;
				GCC_WARN_UNUSED_FUNCTION = YES;
				GCC_WARN_UNUSED_VARIABLE = YES;
				IPHONEOS_DEPLOYMENT_TARGET = 16.2;
				MTL_ENABLE_DEBUG_INFO = NO;
				MTL_FAST_MATH = YES;
				SDKROOT = iphoneos;
				SWIFT_COMPILATION_MODE = wholemodule;
				SWIFT_OPTIMIZATION_LEVEL = "-O";
				VALIDATE_PRODUCT = YES;
			};
			name = Release;
		};
		50A4F29D2A2CFE3500132959 /* Debug */ = {
			isa = XCBuildConfiguration;
			buildSettings = {
				ASSETCATALOG_COMPILER_APPICON_NAME = AppIcon;
				ASSETCATALOG_COMPILER_GLOBAL_ACCENT_COLOR_NAME = AccentColor;
				CODE_SIGN_STYLE = Automatic;
				CURRENT_PROJECT_VERSION = 1;
				DEVELOPMENT_ASSET_PATHS = "\"MVI/Preview Content\"";
				DEVELOPMENT_TEAM = 284RBN3X8Q;
				ENABLE_PREVIEWS = YES;
				GENERATE_INFOPLIST_FILE = YES;
				INFOPLIST_KEY_UIApplicationSceneManifest_Generation = YES;
				INFOPLIST_KEY_UIApplicationSupportsIndirectInputEvents = YES;
				INFOPLIST_KEY_UILaunchScreen_Generation = YES;
				INFOPLIST_KEY_UISupportedInterfaceOrientations_iPad = "UIInterfaceOrientationPortrait UIInterfaceOrientationPortraitUpsideDown UIInterfaceOrientationLandscapeLeft UIInterfaceOrientationLandscapeRight";
				INFOPLIST_KEY_UISupportedInterfaceOrientations_iPhone = "UIInterfaceOrientationPortrait UIInterfaceOrientationLandscapeLeft UIInterfaceOrientationLandscapeRight";
				LD_RUNPATH_SEARCH_PATHS = (
					"$(inherited)",
					"@executable_path/Frameworks",
				);
				MARKETING_VERSION = 1.0;
				PRODUCT_BUNDLE_IDENTIFIER = com.delete.MVI;
				PRODUCT_NAME = "$(TARGET_NAME)";
				SWIFT_EMIT_LOC_STRINGS = YES;
				SWIFT_VERSION = 5.0;
				TARGETED_DEVICE_FAMILY = "1,2";
			};
			name = Debug;
		};
		50A4F29E2A2CFE3500132959 /* Release */ = {
			isa = XCBuildConfiguration;
			buildSettings = {
				ASSETCATALOG_COMPILER_APPICON_NAME = AppIcon;
				ASSETCATALOG_COMPILER_GLOBAL_ACCENT_COLOR_NAME = AccentColor;
				CODE_SIGN_STYLE = Automatic;
				CURRENT_PROJECT_VERSION = 1;
				DEVELOPMENT_ASSET_PATHS = "\"MVI/Preview Content\"";
				DEVELOPMENT_TEAM = 284RBN3X8Q;
				ENABLE_PREVIEWS = YES;
				GENERATE_INFOPLIST_FILE = YES;
				INFOPLIST_KEY_UIApplicationSceneManifest_Generation = YES;
				INFOPLIST_KEY_UIApplicationSupportsIndirectInputEvents = YES;
				INFOPLIST_KEY_UILaunchScreen_Generation = YES;
				INFOPLIST_KEY_UISupportedInterfaceOrientations_iPad = "UIInterfaceOrientationPortrait UIInterfaceOrientationPortraitUpsideDown UIInterfaceOrientationLandscapeLeft UIInterfaceOrientationLandscapeRight";
				INFOPLIST_KEY_UISupportedInterfaceOrientations_iPhone = "UIInterfaceOrientationPortrait UIInterfaceOrientationLandscapeLeft UIInterfaceOrientationLandscapeRight";
				LD_RUNPATH_SEARCH_PATHS = (
					"$(inherited)",
					"@executable_path/Frameworks",
				);
				MARKETING_VERSION = 1.0;
				PRODUCT_BUNDLE_IDENTIFIER = com.delete.MVI;
				PRODUCT_NAME = "$(TARGET_NAME)";
				SWIFT_EMIT_LOC_STRINGS = YES;
				SWIFT_VERSION = 5.0;
				TARGETED_DEVICE_FAMILY = "1,2";
			};
			name = Release;
		};
/* End XCBuildConfiguration section */

/* Begin XCConfigurationList section */
		50A4F2892A2CFE3000132959 /* Build configuration list for PBXProject "MVI" */ = {
			isa = XCConfigurationList;
			buildConfigurations = (
				50A4F29A2A2CFE3500132959 /* Debug */,
				50A4F29B2A2CFE3500132959 /* Release */,
			);
			defaultConfigurationIsVisible = 0;
			defaultConfigurationName = Release;
		};
		50A4F29C2A2CFE3500132959 /* Build configuration list for PBXNativeTarget "MVI" */ = {
			isa = XCConfigurationList;
			buildConfigurations = (
				50A4F29D2A2CFE3500132959 /* Debug */,
				50A4F29E2A2CFE3500132959 /* Release */,
			);
			defaultConfigurationIsVisible = 0;
			defaultConfigurationName = Release;
		};
/* End XCConfigurationList section */

/* Begin XCRemoteSwiftPackageReference section */
		50A4F2A32A2D1AA600132959 /* XCRemoteSwiftPackageReference "SwiftUIChipGroup" */ = {
			isa = XCRemoteSwiftPackageReference;
			repositoryURL = "https://github.com/Open-Bytes/SwiftUIChipGroup";
			requirement = {
				kind = upToNextMajorVersion;
				minimumVersion = 0.1.0;
			};
		};
/* End XCRemoteSwiftPackageReference section */

/* Begin XCSwiftPackageProductDependency section */
		50A4F2A42A2D1AA700132959 /* SwiftUIChipGroup */ = {
			isa = XCSwiftPackageProductDependency;
			package = 50A4F2A32A2D1AA600132959 /* XCRemoteSwiftPackageReference "SwiftUIChipGroup" */;
			productName = SwiftUIChipGroup;
		};
/* End XCSwiftPackageProductDependency section */
	};
	rootObject = 50A4F2862A2CFE3000132959 /* Project object */;
}
